// !$*UTF8*$!
{
	archiveVersion = 1;
	classes = {
	};
	objectVersion = 56;
	objects = {

/* Begin PBXBuildFile section */
		B54B1A2A29ABD9D700830EA5 /* HackerNewsApp.swift in Sources */ = {isa = PBXBuildFile; fileRef = B54B1A2929ABD9D700830EA5 /* HackerNewsApp.swift */; };
		B54B1A2C29ABD9D700830EA5 /* ContentView.swift in Sources */ = {isa = PBXBuildFile; fileRef = B54B1A2B29ABD9D700830EA5 /* ContentView.swift */; };
		B54B1A2E29ABD9D800830EA5 /* Assets.xcassets in Resources */ = {isa = PBXBuildFile; fileRef = B54B1A2D29ABD9D800830EA5 /* Assets.xcassets */; };
		B54B1A3129ABD9D800830EA5 /* Preview Assets.xcassets in Resources */ = {isa = PBXBuildFile; fileRef = B54B1A3029ABD9D800830EA5 /* Preview Assets.xcassets */; };
		B54B1A3B29ABDA1700830EA5 /* NewsRepository.swift in Sources */ = {isa = PBXBuildFile; fileRef = B54B1A3A29ABDA1700830EA5 /* NewsRepository.swift */; };
		B54B1A4129AE5D4500830EA5 /* BestNewsView.swift in Sources */ = {isa = PBXBuildFile; fileRef = B54B1A4029AE5D4500830EA5 /* BestNewsView.swift */; };
		B54B1A4329AE5D7B00830EA5 /* TopNewsView.swift in Sources */ = {isa = PBXBuildFile; fileRef = B54B1A4229AE5D7B00830EA5 /* TopNewsView.swift */; };
		B54B1A4529AE666400830EA5 /* HackerNewsViewModel.swift in Sources */ = {isa = PBXBuildFile; fileRef = B54B1A4429AE666400830EA5 /* HackerNewsViewModel.swift */; };
		B54B1A4729AEA4D900830EA5 /* dummyStories.swift in Sources */ = {isa = PBXBuildFile; fileRef = B54B1A4629AEA4D900830EA5 /* dummyStories.swift */; };
		B54B1A4A29AEE26E00830EA5 /* StoryRow.swift in Sources */ = {isa = PBXBuildFile; fileRef = B54B1A4929AEE26E00830EA5 /* StoryRow.swift */; };
		B54B1A4C29AEE4C800830EA5 /* Colors.swift in Sources */ = {isa = PBXBuildFile; fileRef = B54B1A4B29AEE4C800830EA5 /* Colors.swift */; };
		B54B1A4E29B0F57E00830EA5 /* DateHelper.swift in Sources */ = {isa = PBXBuildFile; fileRef = B54B1A4D29B0F57E00830EA5 /* DateHelper.swift */; };
		B54B1A5029B27DB500830EA5 /* CommentView.swift in Sources */ = {isa = PBXBuildFile; fileRef = B54B1A4F29B27DB500830EA5 /* CommentView.swift */; };
		B54B1A5329B27FF300830EA5 /* StoryViewModel.swift in Sources */ = {isa = PBXBuildFile; fileRef = B54B1A5229B27FF300830EA5 /* StoryViewModel.swift */; };
		B54B1A5529B28FF900830EA5 /* Story.swift in Sources */ = {isa = PBXBuildFile; fileRef = B54B1A5429B28FF900830EA5 /* Story.swift */; };
		B54B1A5729B2900D00830EA5 /* Comment.swift in Sources */ = {isa = PBXBuildFile; fileRef = B54B1A5629B2900D00830EA5 /* Comment.swift */; };
		B54B1A5929B2902D00830EA5 /* FetchNewsError.swift in Sources */ = {isa = PBXBuildFile; fileRef = B54B1A5829B2902D00830EA5 /* FetchNewsError.swift */; };
		B54B1A5B29B2904E00830EA5 /* EntityType.swift in Sources */ = {isa = PBXBuildFile; fileRef = B54B1A5A29B2904E00830EA5 /* EntityType.swift */; };
		B54B1A5D29B2905C00830EA5 /* Job.swift in Sources */ = {isa = PBXBuildFile; fileRef = B54B1A5C29B2905C00830EA5 /* Job.swift */; };
		B54B1A5F29B2D8C200830EA5 /* CommentBox.swift in Sources */ = {isa = PBXBuildFile; fileRef = B54B1A5E29B2D8C200830EA5 /* CommentBox.swift */; };
		B54B1A6129B2E9BB00830EA5 /* CommentViewModel.swift in Sources */ = {isa = PBXBuildFile; fileRef = B54B1A6029B2E9BB00830EA5 /* CommentViewModel.swift */; };
		B54B1A6329B901F900830EA5 /* StoriesList.swift in Sources */ = {isa = PBXBuildFile; fileRef = B54B1A6229B901F900830EA5 /* StoriesList.swift */; };
		B5C36D0129BEAA6000AA7DE2 /* LoadingView.swift in Sources */ = {isa = PBXBuildFile; fileRef = B5C36D0029BEAA6000AA7DE2 /* LoadingView.swift */; };
		B5C36D0329BEAAA800AA7DE2 /* ErrorStateView.swift in Sources */ = {isa = PBXBuildFile; fileRef = B5C36D0229BEAAA800AA7DE2 /* ErrorStateView.swift */; };
/* End PBXBuildFile section */

/* Begin PBXFileReference section */
		B54B1A2629ABD9D700830EA5 /* HackerNews.app */ = {isa = PBXFileReference; explicitFileType = wrapper.application; includeInIndex = 0; path = HackerNews.app; sourceTree = BUILT_PRODUCTS_DIR; };
		B54B1A2929ABD9D700830EA5 /* HackerNewsApp.swift */ = {isa = PBXFileReference; lastKnownFileType = sourcecode.swift; path = HackerNewsApp.swift; sourceTree = "<group>"; };
		B54B1A2B29ABD9D700830EA5 /* ContentView.swift */ = {isa = PBXFileReference; lastKnownFileType = sourcecode.swift; path = ContentView.swift; sourceTree = "<group>"; };
		B54B1A2D29ABD9D800830EA5 /* Assets.xcassets */ = {isa = PBXFileReference; lastKnownFileType = folder.assetcatalog; path = Assets.xcassets; sourceTree = "<group>"; };
		B54B1A3029ABD9D800830EA5 /* Preview Assets.xcassets */ = {isa = PBXFileReference; lastKnownFileType = folder.assetcatalog; path = "Preview Assets.xcassets"; sourceTree = "<group>"; };
		B54B1A3A29ABDA1700830EA5 /* NewsRepository.swift */ = {isa = PBXFileReference; lastKnownFileType = sourcecode.swift; path = NewsRepository.swift; sourceTree = "<group>"; };
		B54B1A4029AE5D4500830EA5 /* BestNewsView.swift */ = {isa = PBXFileReference; lastKnownFileType = sourcecode.swift; path = BestNewsView.swift; sourceTree = "<group>"; };
		B54B1A4229AE5D7B00830EA5 /* TopNewsView.swift */ = {isa = PBXFileReference; lastKnownFileType = sourcecode.swift; path = TopNewsView.swift; sourceTree = "<group>"; };
		B54B1A4429AE666400830EA5 /* HackerNewsViewModel.swift */ = {isa = PBXFileReference; lastKnownFileType = sourcecode.swift; path = HackerNewsViewModel.swift; sourceTree = "<group>"; };
		B54B1A4629AEA4D900830EA5 /* dummyStories.swift */ = {isa = PBXFileReference; lastKnownFileType = sourcecode.swift; path = dummyStories.swift; sourceTree = "<group>"; };
		B54B1A4829AED6F600830EA5 /* Info.plist */ = {isa = PBXFileReference; lastKnownFileType = text.plist; path = Info.plist; sourceTree = "<group>"; };
		B54B1A4929AEE26E00830EA5 /* StoryRow.swift */ = {isa = PBXFileReference; lastKnownFileType = sourcecode.swift; path = StoryRow.swift; sourceTree = "<group>"; };
		B54B1A4B29AEE4C800830EA5 /* Colors.swift */ = {isa = PBXFileReference; lastKnownFileType = sourcecode.swift; path = Colors.swift; sourceTree = "<group>"; };
		B54B1A4D29B0F57E00830EA5 /* DateHelper.swift */ = {isa = PBXFileReference; lastKnownFileType = sourcecode.swift; path = DateHelper.swift; sourceTree = "<group>"; };
		B54B1A4F29B27DB500830EA5 /* CommentView.swift */ = {isa = PBXFileReference; lastKnownFileType = sourcecode.swift; path = CommentView.swift; sourceTree = "<group>"; };
		B54B1A5229B27FF300830EA5 /* StoryViewModel.swift */ = {isa = PBXFileReference; lastKnownFileType = sourcecode.swift; path = StoryViewModel.swift; sourceTree = "<group>"; };
		B54B1A5429B28FF900830EA5 /* Story.swift */ = {isa = PBXFileReference; lastKnownFileType = sourcecode.swift; path = Story.swift; sourceTree = "<group>"; };
		B54B1A5629B2900D00830EA5 /* Comment.swift */ = {isa = PBXFileReference; lastKnownFileType = sourcecode.swift; path = Comment.swift; sourceTree = "<group>"; };
		B54B1A5829B2902D00830EA5 /* FetchNewsError.swift */ = {isa = PBXFileReference; lastKnownFileType = sourcecode.swift; path = FetchNewsError.swift; sourceTree = "<group>"; };
		B54B1A5A29B2904E00830EA5 /* EntityType.swift */ = {isa = PBXFileReference; lastKnownFileType = sourcecode.swift; path = EntityType.swift; sourceTree = "<group>"; };
		B54B1A5C29B2905C00830EA5 /* Job.swift */ = {isa = PBXFileReference; lastKnownFileType = sourcecode.swift; path = Job.swift; sourceTree = "<group>"; };
		B54B1A5E29B2D8C200830EA5 /* CommentBox.swift */ = {isa = PBXFileReference; lastKnownFileType = sourcecode.swift; path = CommentBox.swift; sourceTree = "<group>"; };
		B54B1A6029B2E9BB00830EA5 /* CommentViewModel.swift */ = {isa = PBXFileReference; lastKnownFileType = sourcecode.swift; path = CommentViewModel.swift; sourceTree = "<group>"; };
		B54B1A6229B901F900830EA5 /* StoriesList.swift */ = {isa = PBXFileReference; lastKnownFileType = sourcecode.swift; path = StoriesList.swift; sourceTree = "<group>"; };
		B5C36D0029BEAA6000AA7DE2 /* LoadingView.swift */ = {isa = PBXFileReference; lastKnownFileType = sourcecode.swift; path = LoadingView.swift; sourceTree = "<group>"; };
		B5C36D0229BEAAA800AA7DE2 /* ErrorStateView.swift */ = {isa = PBXFileReference; lastKnownFileType = sourcecode.swift; path = ErrorStateView.swift; sourceTree = "<group>"; };
/* End PBXFileReference section */

/* Begin PBXFrameworksBuildPhase section */
		B54B1A2329ABD9D700830EA5 /* Frameworks */ = {
			isa = PBXFrameworksBuildPhase;
			buildActionMask = 2147483647;
			files = (
			);
			runOnlyForDeploymentPostprocessing = 0;
		};
/* End PBXFrameworksBuildPhase section */

/* Begin PBXGroup section */
		B54B1A1D29ABD9D700830EA5 = {
			isa = PBXGroup;
			children = (
				B54B1A2829ABD9D700830EA5 /* HackerNews */,
				B54B1A2729ABD9D700830EA5 /* Products */,
			);
			sourceTree = "<group>";
		};
		B54B1A2729ABD9D700830EA5 /* Products */ = {
			isa = PBXGroup;
			children = (
				B54B1A2629ABD9D700830EA5 /* HackerNews.app */,
			);
			name = Products;
			sourceTree = "<group>";
		};
		B54B1A2829ABD9D700830EA5 /* HackerNews */ = {
			isa = PBXGroup;
			children = (
				B54B1A4829AED6F600830EA5 /* Info.plist */,
				B54B1A4629AEA4D900830EA5 /* dummyStories.swift */,
				B54B1A5229B27FF300830EA5 /* StoryViewModel.swift */,
				B54B1A6029B2E9BB00830EA5 /* CommentViewModel.swift */,
				B54B1A4429AE666400830EA5 /* HackerNewsViewModel.swift */,
				B54B1A3F29AE5D3100830EA5 /* Views */,
				B54B1A3829ABD9E400830EA5 /* Networking */,
				B54B1A3729ABD9DC00830EA5 /* Model */,
				B54B1A2929ABD9D700830EA5 /* HackerNewsApp.swift */,
				B54B1A2D29ABD9D800830EA5 /* Assets.xcassets */,
				B54B1A2F29ABD9D800830EA5 /* Preview Content */,
				B54B1A4D29B0F57E00830EA5 /* DateHelper.swift */,
			);
			path = HackerNews;
			sourceTree = "<group>";
		};
		B54B1A2F29ABD9D800830EA5 /* Preview Content */ = {
			isa = PBXGroup;
			children = (
				B54B1A3029ABD9D800830EA5 /* Preview Assets.xcassets */,
			);
			path = "Preview Content";
			sourceTree = "<group>";
		};
		B54B1A3729ABD9DC00830EA5 /* Model */ = {
			isa = PBXGroup;
			children = (
				B54B1A5429B28FF900830EA5 /* Story.swift */,
				B54B1A5629B2900D00830EA5 /* Comment.swift */,
				B54B1A5829B2902D00830EA5 /* FetchNewsError.swift */,
				B54B1A5A29B2904E00830EA5 /* EntityType.swift */,
				B54B1A5C29B2905C00830EA5 /* Job.swift */,
			);
			path = Model;
			sourceTree = "<group>";
		};
		B54B1A3829ABD9E400830EA5 /* Networking */ = {
			isa = PBXGroup;
			children = (
				B54B1A3A29ABDA1700830EA5 /* NewsRepository.swift */,
			);
			path = Networking;
			sourceTree = "<group>";
		};
		B54B1A3F29AE5D3100830EA5 /* Views */ = {
			isa = PBXGroup;
			children = (
				B54B1A5E29B2D8C200830EA5 /* CommentBox.swift */,
				B54B1A2B29ABD9D700830EA5 /* ContentView.swift */,
				B54B1A4029AE5D4500830EA5 /* BestNewsView.swift */,
				B54B1A4229AE5D7B00830EA5 /* TopNewsView.swift */,
				B54B1A4929AEE26E00830EA5 /* StoryRow.swift */,
				B54B1A4B29AEE4C800830EA5 /* Colors.swift */,
				B54B1A4F29B27DB500830EA5 /* CommentView.swift */,
				B54B1A6229B901F900830EA5 /* StoriesList.swift */,
				B5C36D0029BEAA6000AA7DE2 /* LoadingView.swift */,
				B5C36D0229BEAAA800AA7DE2 /* ErrorStateView.swift */,
			);
			path = Views;
			sourceTree = "<group>";
		};
/* End PBXGroup section */

/* Begin PBXNativeTarget section */
		B54B1A2529ABD9D700830EA5 /* HackerNews */ = {
			isa = PBXNativeTarget;
			buildConfigurationList = B54B1A3429ABD9D800830EA5 /* Build configuration list for PBXNativeTarget "HackerNews" */;
			buildPhases = (
				B54B1A2229ABD9D700830EA5 /* Sources */,
				B54B1A2329ABD9D700830EA5 /* Frameworks */,
				B54B1A2429ABD9D700830EA5 /* Resources */,
			);
			buildRules = (
			);
			dependencies = (
			);
			name = HackerNews;
			productName = HackerNews;
			productReference = B54B1A2629ABD9D700830EA5 /* HackerNews.app */;
			productType = "com.apple.product-type.application";
		};
/* End PBXNativeTarget section */

/* Begin PBXProject section */
		B54B1A1E29ABD9D700830EA5 /* Project object */ = {
			isa = PBXProject;
			attributes = {
				BuildIndependentTargetsInParallel = 1;
				LastSwiftUpdateCheck = 1410;
				LastUpgradeCheck = 1410;
				TargetAttributes = {
					B54B1A2529ABD9D700830EA5 = {
						CreatedOnToolsVersion = 14.1;
					};
				};
			};
			buildConfigurationList = B54B1A2129ABD9D700830EA5 /* Build configuration list for PBXProject "HackerNews" */;
			compatibilityVersion = "Xcode 14.0";
			developmentRegion = en;
			hasScannedForEncodings = 0;
			knownRegions = (
				en,
				Base,
			);
			mainGroup = B54B1A1D29ABD9D700830EA5;
			productRefGroup = B54B1A2729ABD9D700830EA5 /* Products */;
			projectDirPath = "";
			projectRoot = "";
			targets = (
				B54B1A2529ABD9D700830EA5 /* HackerNews */,
			);
		};
/* End PBXProject section */

/* Begin PBXResourcesBuildPhase section */
		B54B1A2429ABD9D700830EA5 /* Resources */ = {
			isa = PBXResourcesBuildPhase;
			buildActionMask = 2147483647;
			files = (
				B54B1A3129ABD9D800830EA5 /* Preview Assets.xcassets in Resources */,
				B54B1A2E29ABD9D800830EA5 /* Assets.xcassets in Resources */,
			);
			runOnlyForDeploymentPostprocessing = 0;
		};
/* End PBXResourcesBuildPhase section */

/* Begin PBXSourcesBuildPhase section */
		B54B1A2229ABD9D700830EA5 /* Sources */ = {
			isa = PBXSourcesBuildPhase;
			buildActionMask = 2147483647;
			files = (
				B54B1A5929B2902D00830EA5 /* FetchNewsError.swift in Sources */,
				B54B1A6329B901F900830EA5 /* StoriesList.swift in Sources */,
				B54B1A5329B27FF300830EA5 /* StoryViewModel.swift in Sources */,
				B54B1A4729AEA4D900830EA5 /* dummyStories.swift in Sources */,
				B54B1A5F29B2D8C200830EA5 /* CommentBox.swift in Sources */,
				B5C36D0329BEAAA800AA7DE2 /* ErrorStateView.swift in Sources */,
				B5C36D0129BEAA6000AA7DE2 /* LoadingView.swift in Sources */,
				B54B1A4C29AEE4C800830EA5 /* Colors.swift in Sources */,
				B54B1A5729B2900D00830EA5 /* Comment.swift in Sources */,
				B54B1A4329AE5D7B00830EA5 /* TopNewsView.swift in Sources */,
				B54B1A4A29AEE26E00830EA5 /* StoryRow.swift in Sources */,
				B54B1A2C29ABD9D700830EA5 /* ContentView.swift in Sources */,
				B54B1A6129B2E9BB00830EA5 /* CommentViewModel.swift in Sources */,
				B54B1A4E29B0F57E00830EA5 /* DateHelper.swift in Sources */,
				B54B1A2A29ABD9D700830EA5 /* HackerNewsApp.swift in Sources */,
				B54B1A5B29B2904E00830EA5 /* EntityType.swift in Sources */,
				B54B1A5529B28FF900830EA5 /* Story.swift in Sources */,
				B54B1A3B29ABDA1700830EA5 /* NewsRepository.swift in Sources */,
				B54B1A4129AE5D4500830EA5 /* BestNewsView.swift in Sources */,
				B54B1A5D29B2905C00830EA5 /* Job.swift in Sources */,
				B54B1A5029B27DB500830EA5 /* CommentView.swift in Sources */,
				B54B1A4529AE666400830EA5 /* HackerNewsViewModel.swift in Sources */,
			);
			runOnlyForDeploymentPostprocessing = 0;
		};
/* End PBXSourcesBuildPhase section */

/* Begin XCBuildConfiguration section */
		B54B1A3229ABD9D800830EA5 /* Debug */ = {
			isa = XCBuildConfiguration;
			buildSettings = {
				ALWAYS_SEARCH_USER_PATHS = NO;
				CLANG_ANALYZER_NONNULL = YES;
				CLANG_ANALYZER_NUMBER_OBJECT_CONVERSION = YES_AGGRESSIVE;
				CLANG_CXX_LANGUAGE_STANDARD = "gnu++20";
				CLANG_ENABLE_MODULES = YES;
				CLANG_ENABLE_OBJC_ARC = YES;
				CLANG_ENABLE_OBJC_WEAK = YES;
				CLANG_WARN_BLOCK_CAPTURE_AUTORELEASING = YES;
				CLANG_WARN_BOOL_CONVERSION = YES;
				CLANG_WARN_COMMA = YES;
				CLANG_WARN_CONSTANT_CONVERSION = YES;
				CLANG_WARN_DEPRECATED_OBJC_IMPLEMENTATIONS = YES;
				CLANG_WARN_DIRECT_OBJC_ISA_USAGE = YES_ERROR;
				CLANG_WARN_DOCUMENTATION_COMMENTS = YES;
				CLANG_WARN_EMPTY_BODY = YES;
				CLANG_WARN_ENUM_CONVERSION = YES;
				CLANG_WARN_INFINITE_RECURSION = YES;
				CLANG_WARN_INT_CONVERSION = YES;
				CLANG_WARN_NON_LITERAL_NULL_CONVERSION = YES;
				CLANG_WARN_OBJC_IMPLICIT_RETAIN_SELF = YES;
				CLANG_WARN_OBJC_LITERAL_CONVERSION = YES;
				CLANG_WARN_OBJC_ROOT_CLASS = YES_ERROR;
				CLANG_WARN_QUOTED_INCLUDE_IN_FRAMEWORK_HEADER = YES;
				CLANG_WARN_RANGE_LOOP_ANALYSIS = YES;
				CLANG_WARN_STRICT_PROTOTYPES = YES;
				CLANG_WARN_SUSPICIOUS_MOVE = YES;
				CLANG_WARN_UNGUARDED_AVAILABILITY = YES_AGGRESSIVE;
				CLANG_WARN_UNREACHABLE_CODE = YES;
				CLANG_WARN__DUPLICATE_METHOD_MATCH = YES;
				COPY_PHASE_STRIP = NO;
				DEBUG_INFORMATION_FORMAT = dwarf;
				ENABLE_STRICT_OBJC_MSGSEND = YES;
				ENABLE_TESTABILITY = YES;
				GCC_C_LANGUAGE_STANDARD = gnu11;
				GCC_DYNAMIC_NO_PIC = NO;
				GCC_NO_COMMON_BLOCKS = YES;
				GCC_OPTIMIZATION_LEVEL = 0;
				GCC_PREPROCESSOR_DEFINITIONS = (
					"DEBUG=1",
					"$(inherited)",
				);
				GCC_WARN_64_TO_32_BIT_CONVERSION = YES;
				GCC_WARN_ABOUT_RETURN_TYPE = YES_ERROR;
				GCC_WARN_UNDECLARED_SELECTOR = YES;
				GCC_WARN_UNINITIALIZED_AUTOS = YES_AGGRESSIVE;
				GCC_WARN_UNUSED_FUNCTION = YES;
				GCC_WARN_UNUSED_VARIABLE = YES;
				IPHONEOS_DEPLOYMENT_TARGET = 16.1;
				MTL_ENABLE_DEBUG_INFO = INCLUDE_SOURCE;
				MTL_FAST_MATH = YES;
				ONLY_ACTIVE_ARCH = YES;
				SDKROOT = iphoneos;
				SWIFT_ACTIVE_COMPILATION_CONDITIONS = DEBUG;
				SWIFT_OPTIMIZATION_LEVEL = "-Onone";
			};
			name = Debug;
		};
		B54B1A3329ABD9D800830EA5 /* Release */ = {
			isa = XCBuildConfiguration;
			buildSettings = {
				ALWAYS_SEARCH_USER_PATHS = NO;
				CLANG_ANALYZER_NONNULL = YES;
				CLANG_ANALYZER_NUMBER_OBJECT_CONVERSION = YES_AGGRESSIVE;
				CLANG_CXX_LANGUAGE_STANDARD = "gnu++20";
				CLANG_ENABLE_MODULES = YES;
				CLANG_ENABLE_OBJC_ARC = YES;
				CLANG_ENABLE_OBJC_WEAK = YES;
				CLANG_WARN_BLOCK_CAPTURE_AUTORELEASING = YES;
				CLANG_WARN_BOOL_CONVERSION = YES;
				CLANG_WARN_COMMA = YES;
				CLANG_WARN_CONSTANT_CONVERSION = YES;
				CLANG_WARN_DEPRECATED_OBJC_IMPLEMENTATIONS = YES;
				CLANG_WARN_DIRECT_OBJC_ISA_USAGE = YES_ERROR;
				CLANG_WARN_DOCUMENTATION_COMMENTS = YES;
				CLANG_WARN_EMPTY_BODY = YES;
				CLANG_WARN_ENUM_CONVERSION = YES;
				CLANG_WARN_INFINITE_RECURSION = YES;
				CLANG_WARN_INT_CONVERSION = YES;
				CLANG_WARN_NON_LITERAL_NULL_CONVERSION = YES;
				CLANG_WARN_OBJC_IMPLICIT_RETAIN_SELF = YES;
				CLANG_WARN_OBJC_LITERAL_CONVERSION = YES;
				CLANG_WARN_OBJC_ROOT_CLASS = YES_ERROR;
				CLANG_WARN_QUOTED_INCLUDE_IN_FRAMEWORK_HEADER = YES;
				CLANG_WARN_RANGE_LOOP_ANALYSIS = YES;
				CLANG_WARN_STRICT_PROTOTYPES = YES;
				CLANG_WARN_SUSPICIOUS_MOVE = YES;
				CLANG_WARN_UNGUARDED_AVAILABILITY = YES_AGGRESSIVE;
				CLANG_WARN_UNREACHABLE_CODE = YES;
				CLANG_WARN__DUPLICATE_METHOD_MATCH = YES;
				COPY_PHASE_STRIP = NO;
				DEBUG_INFORMATION_FORMAT = "dwarf-with-dsym";
				ENABLE_NS_ASSERTIONS = NO;
				ENABLE_STRICT_OBJC_MSGSEND = YES;
				GCC_C_LANGUAGE_STANDARD = gnu11;
				GCC_NO_COMMON_BLOCKS = YES;
				GCC_WARN_64_TO_32_BIT_CONVERSION = YES;
				GCC_WARN_ABOUT_RETURN_TYPE = YES_ERROR;
				GCC_WARN_UNDECLARED_SELECTOR = YES;
				GCC_WARN_UNINITIALIZED_AUTOS = YES_AGGRESSIVE;
				GCC_WARN_UNUSED_FUNCTION = YES;
				GCC_WARN_UNUSED_VARIABLE = YES;
				IPHONEOS_DEPLOYMENT_TARGET = 16.1;
				MTL_ENABLE_DEBUG_INFO = NO;
				MTL_FAST_MATH = YES;
				SDKROOT = iphoneos;
				SWIFT_COMPILATION_MODE = wholemodule;
				SWIFT_OPTIMIZATION_LEVEL = "-O";
				VALIDATE_PRODUCT = YES;
			};
			name = Release;
		};
		B54B1A3529ABD9D800830EA5 /* Debug */ = {
			isa = XCBuildConfiguration;
			buildSettings = {
				ASSETCATALOG_COMPILER_APPICON_NAME = AppIcon;
				ASSETCATALOG_COMPILER_GLOBAL_ACCENT_COLOR_NAME = AccentColor;
				CODE_SIGN_STYLE = Automatic;
				CURRENT_PROJECT_VERSION = 1;
				DEVELOPMENT_ASSET_PATHS = "\"HackerNews/Preview Content\"";
				DEVELOPMENT_TEAM = RDT7K59Q4P;
				ENABLE_PREVIEWS = YES;
				GENERATE_INFOPLIST_FILE = YES;
				INFOPLIST_FILE = HackerNews/Info.plist;
				INFOPLIST_KEY_LSApplicationCategoryType = "public.app-category.news";
				INFOPLIST_KEY_UIApplicationSceneManifest_Generation = YES;
				INFOPLIST_KEY_UIApplicationSupportsIndirectInputEvents = YES;
				INFOPLIST_KEY_UILaunchScreen_Generation = YES;
				INFOPLIST_KEY_UISupportedInterfaceOrientations_iPad = "UIInterfaceOrientationPortrait UIInterfaceOrientationPortraitUpsideDown UIInterfaceOrientationLandscapeLeft UIInterfaceOrientationLandscapeRight";
				INFOPLIST_KEY_UISupportedInterfaceOrientations_iPhone = "UIInterfaceOrientationPortrait UIInterfaceOrientationLandscapeLeft UIInterfaceOrientationLandscapeRight";
				IPHONEOS_DEPLOYMENT_TARGET = 16.0;
				LD_RUNPATH_SEARCH_PATHS = (
					"$(inherited)",
					"@executable_path/Frameworks",
				);
				MARKETING_VERSION = 1.0.2;
				PRODUCT_BUNDLE_IDENTIFIER = com.new.ycombinator.HackerNews;
				PRODUCT_NAME = "$(TARGET_NAME)";
				SWIFT_EMIT_LOC_STRINGS = YES;
				SWIFT_VERSION = 5.0;
				TARGETED_DEVICE_FAMILY = "1,2";
			};
			name = Debug;
		};
		B54B1A3629ABD9D800830EA5 /* Release */ = {
			isa = XCBuildConfiguration;
			buildSettings = {
				ASSETCATALOG_COMPILER_APPICON_NAME = AppIcon;
				ASSETCATALOG_COMPILER_GLOBAL_ACCENT_COLOR_NAME = AccentColor;
				CODE_SIGN_STYLE = Automatic;
				CURRENT_PROJECT_VERSION = 1;
				DEVELOPMENT_ASSET_PATHS = "\"HackerNews/Preview Content\"";
				DEVELOPMENT_TEAM = RDT7K59Q4P;
				ENABLE_PREVIEWS = YES;
				GENERATE_INFOPLIST_FILE = YES;
				INFOPLIST_FILE = HackerNews/Info.plist;
				INFOPLIST_KEY_LSApplicationCategoryType = "public.app-category.news";
				INFOPLIST_KEY_UIApplicationSceneManifest_Generation = YES;
				INFOPLIST_KEY_UIApplicationSupportsIndirectInputEvents = YES;
				INFOPLIST_KEY_UILaunchScreen_Generation = YES;
				INFOPLIST_KEY_UISupportedInterfaceOrientations_iPad = "UIInterfaceOrientationPortrait UIInterfaceOrientationPortraitUpsideDown UIInterfaceOrientationLandscapeLeft UIInterfaceOrientationLandscapeRight";
				INFOPLIST_KEY_UISupportedInterfaceOrientations_iPhone = "UIInterfaceOrientationPortrait UIInterfaceOrientationLandscapeLeft UIInterfaceOrientationLandscapeRight";
				IPHONEOS_DEPLOYMENT_TARGET = 16.0;
				LD_RUNPATH_SEARCH_PATHS = (
					"$(inherited)",
					"@executable_path/Frameworks",
				);
				MARKETING_VERSION = 1.0.2;
				PRODUCT_BUNDLE_IDENTIFIER = com.new.ycombinator.HackerNews;
				PRODUCT_NAME = "$(TARGET_NAME)";
				SWIFT_EMIT_LOC_STRINGS = YES;
				SWIFT_VERSION = 5.0;
				TARGETED_DEVICE_FAMILY = "1,2";
			};
			name = Release;
		};
/* End XCBuildConfiguration section */

/* Begin XCConfigurationList section */
		B54B1A2129ABD9D700830EA5 /* Build configuration list for PBXProject "HackerNews" */ = {
			isa = XCConfigurationList;
			buildConfigurations = (
				B54B1A3229ABD9D800830EA5 /* Debug */,
				B54B1A3329ABD9D800830EA5 /* Release */,
			);
			defaultConfigurationIsVisible = 0;
			defaultConfigurationName = Release;
		};
		B54B1A3429ABD9D800830EA5 /* Build configuration list for PBXNativeTarget "HackerNews" */ = {
			isa = XCConfigurationList;
			buildConfigurations = (
				B54B1A3529ABD9D800830EA5 /* Debug */,
				B54B1A3629ABD9D800830EA5 /* Release */,
			);
			defaultConfigurationIsVisible = 0;
			defaultConfigurationName = Release;
		};
/* End XCConfigurationList section */
	};
	rootObject = B54B1A1E29ABD9D700830EA5 /* Project object */;
}
